
Microsoft Visual Studio Solution File, Format Version 12.00
# Visual Studio 15
VisualStudioVersion = 15.0.27428.2002
MinimumVisualStudioVersion = 10.0.40219.1
Project("{FAE04EC0-301F-11D3-BF4B-00C04F79EFBC}") = "RiderApp", "RiderApp\RiderApp.csproj", "{F1599B8A-76D4-410B-9739-67D764DE83DA}"
EndProject
Project("{FAE04EC0-301F-11D3-BF4B-00C04F79EFBC}") = "PatientApp", "PatientApp\PatientApp.csproj", "{75F31612-8E2C-4F93-908D-9CC1E90A641A}"
EndProject
Project("{FAE04EC0-301F-11D3-BF4B-00C04F79EFBC}") = "LabApi", "LabApi\LabApi.csproj", "{42397D71-31B0-4A49-8BEE-FBDA99944B83}"
EndProject
Global
	GlobalSection(SolutionConfigurationPlatforms) = preSolution
		Debug|Any CPU = Debug|Any CPU
		Release|Any CPU = Release|Any CPU
	EndGlobalSection
	GlobalSection(ProjectConfigurationPlatforms) = postSolution
		{F1599B8A-76D4-410B-9739-67D764DE83DA}.Debug|Any CPU.ActiveCfg = Debug|Any CPU
		{F1599B8A-76D4-410B-9739-67D764DE83DA}.Debug|Any CPU.Build.0 = Debug|Any CPU
		{F1599B8A-76D4-410B-9739-67D764DE83DA}.Release|Any CPU.ActiveCfg = Release|Any CPU
		{F1599B8A-76D4-410B-9739-67D764DE83DA}.Release|Any CPU.Build.0 = Release|Any CPU
		{75F31612-8E2C-4F93-908D-9CC1E90A641A}.Debug|Any CPU.ActiveCfg = Debug|Any CPU
		{75F31612-8E2C-4F93-908D-9CC1E90A641A}.Debug|Any CPU.Build.0 = Debug|Any CPU
		{75F31612-8E2C-4F93-908D-9CC1E90A641A}.Release|Any CPU.ActiveCfg = Release|Any CPU
		{75F31612-8E2C-4F93-908D-9CC1E90A641A}.Release|Any CPU.Build.0 = Release|Any CPU
		{42397D71-31B0-4A49-8BEE-FBDA99944B83}.Debug|Any CPU.ActiveCfg = Debug|Any CPU
		{42397D71-31B0-4A49-8BEE-FBDA99944B83}.Debug|Any CPU.Build.0 = Debug|Any CPU
		{42397D71-31B0-4A49-8BEE-FBDA99944B83}.Release|Any CPU.ActiveCfg = Release|Any CPU
		{42397D71-31B0-4A49-8BEE-FBDA99944B83}.Release|Any CPU.Build.0 = Release|Any CPU
	EndGlobalSection
	GlobalSection(SolutionProperties) = preSolution
		HideSolutionNode = FALSE
	EndGlobalSection
	GlobalSection(ExtensibilityGlobals) = postSolution
		SolutionGuid = {F4C95823-83F9-4E90-B987-063FE8863865}
	EndGlobalSection
EndGlobal
